// !$*UTF8*$!
{
	archiveVersion = 1;
	classes = {
	};
	objectVersion = 46;
	objects = {

/* Begin PBXBuildFile section */
		857DD9D11BD6283D006600E5 /* main.m in Sources */ = {isa = PBXBuildFile; fileRef = 857DD9D01BD6283D006600E5 /* main.m */; };
		857DD9D41BD6283D006600E5 /* AppDelegate.m in Sources */ = {isa = PBXBuildFile; fileRef = 857DD9D31BD6283D006600E5 /* AppDelegate.m */; };
		857DD9DC1BD6283D006600E5 /* Images.xcassets in Resources */ = {isa = PBXBuildFile; fileRef = 857DD9DB1BD6283D006600E5 /* Images.xcassets */; };
		857DD9DF1BD6283D006600E5 /* LaunchScreen.xib in Resources */ = {isa = PBXBuildFile; fileRef = 857DD9DD1BD6283D006600E5 /* LaunchScreen.xib */; };
		857DD9EB1BD6283D006600E5 /* Demo4______xibTests.m in Sources */ = {isa = PBXBuildFile; fileRef = 857DD9EA1BD6283D006600E5 /* Demo4______xibTests.m */; };
		857DD9F71BD62867006600E5 /* SettingTableViewController.m in Sources */ = {isa = PBXBuildFile; fileRef = 857DD9F51BD62867006600E5 /* SettingTableViewController.m */; };
		857DD9F81BD62867006600E5 /* SettingTableViewController.xib in Resources */ = {isa = PBXBuildFile; fileRef = 857DD9F61BD62867006600E5 /* SettingTableViewController.xib */; };
		857DD9FA1BD6300E006600E5 /* 08353.jpg in Resources */ = {isa = PBXBuildFile; fileRef = 857DD9F91BD6300E006600E5 /* 08353.jpg */; };
/* End PBXBuildFile section */

/* Begin PBXContainerItemProxy section */
		857DD9E51BD6283D006600E5 /* PBXContainerItemProxy */ = {
			isa = PBXContainerItemProxy;
			containerPortal = 857DD9C31BD6283D006600E5 /* Project object */;
			proxyType = 1;
			remoteGlobalIDString = 857DD9CA1BD6283D006600E5;
			remoteInfo = "Demo4_静态表格_xib";
		};
/* End PBXContainerItemProxy section */

/* Begin PBXFileReference section */
		857DD9CB1BD6283D006600E5 /* Demo4_静态表格_xib.app */ = {isa = PBXFileReference; explicitFileType = wrapper.application; includeInIndex = 0; path = "Demo4_静态表格_xib.app"; sourceTree = BUILT_PRODUCTS_DIR; };
		857DD9CF1BD6283D006600E5 /* Info.plist */ = {isa = PBXFileReference; lastKnownFileType = text.plist.xml; path = Info.plist; sourceTree = "<group>"; };
		857DD9D01BD6283D006600E5 /* main.m */ = {isa = PBXFileReference; lastKnownFileType = sourcecode.c.objc; path = main.m; sourceTree = "<group>"; };
		857DD9D21BD6283D006600E5 /* AppDelegate.h */ = {isa = PBXFileReference; lastKnownFileType = sourcecode.c.h; path = AppDelegate.h; sourceTree = "<group>"; };
		857DD9D31BD6283D006600E5 /* AppDelegate.m */ = {isa = PBXFileReference; lastKnownFileType = sourcecode.c.objc; path = AppDelegate.m; sourceTree = "<group>"; };
		857DD9DB1BD6283D006600E5 /* Images.xcassets */ = {isa = PBXFileReference; lastKnownFileType = folder.assetcatalog; path = Images.xcassets; sourceTree = "<group>"; };
		857DD9DE1BD6283D006600E5 /* Base */ = {isa = PBXFileReference; lastKnownFileType = file.xib; name = Base; path = Base.lproj/LaunchScreen.xib; sourceTree = "<group>"; };
		857DD9E41BD6283D006600E5 /* Demo4_静态表格_xibTests.xctest */ = {isa = PBXFileReference; explicitFileType = wrapper.cfbundle; includeInIndex = 0; path = "Demo4_静态表格_xibTests.xctest"; sourceTree = BUILT_PRODUCTS_DIR; };
		857DD9E91BD6283D006600E5 /* Info.plist */ = {isa = PBXFileReference; lastKnownFileType = text.plist.xml; path = Info.plist; sourceTree = "<group>"; };
		857DD9EA1BD6283D006600E5 /* Demo4______xibTests.m */ = {isa = PBXFileReference; lastKnownFileType = sourcecode.c.objc; path = "Demo4______xibTests.m"; sourceTree = "<group>"; };
		857DD9F41BD62867006600E5 /* SettingTableViewController.h */ = {isa = PBXFileReference; fileEncoding = 4; lastKnownFileType = sourcecode.c.h; path = SettingTableViewController.h; sourceTree = "<group>"; };
		857DD9F51BD62867006600E5 /* SettingTableViewController.m */ = {isa = PBXFileReference; fileEncoding = 4; lastKnownFileType = sourcecode.c.objc; path = SettingTableViewController.m; sourceTree = "<group>"; };
		857DD9F61BD62867006600E5 /* SettingTableViewController.xib */ = {isa = PBXFileReference; fileEncoding = 4; lastKnownFileType = file.xib; path = SettingTableViewController.xib; sourceTree = "<group>"; };
		857DD9F91BD6300E006600E5 /* 08353.jpg */ = {isa = PBXFileReference; lastKnownFileType = image.jpeg; path = 08353.jpg; sourceTree = "<group>"; };
/* End PBXFileReference section */

/* Begin PBXFrameworksBuildPhase section */
		857DD9C81BD6283D006600E5 /* Frameworks */ = {
			isa = PBXFrameworksBuildPhase;
			buildActionMask = 2147483647;
			files = (
			);
			runOnlyForDeploymentPostprocessing = 0;
		};
		857DD9E11BD6283D006600E5 /* Frameworks */ = {
			isa = PBXFrameworksBuildPhase;
			buildActionMask = 2147483647;
			files = (
			);
			runOnlyForDeploymentPostprocessing = 0;
		};
/* End PBXFrameworksBuildPhase section */

/* Begin PBXGroup section */
		857DD9C21BD6283D006600E5 = {
			isa = PBXGroup;
			children = (
				857DD9CD1BD6283D006600E5 /* Demo4_静态表格_xib */,
				857DD9E71BD6283D006600E5 /* Demo4_静态表格_xibTests */,
				857DD9CC1BD6283D006600E5 /* Products */,
			);
			sourceTree = "<group>";
		};
		857DD9CC1BD6283D006600E5 /* Products */ = {
			isa = PBXGroup;
			children = (
				857DD9CB1BD6283D006600E5 /* Demo4_静态表格_xib.app */,
				857DD9E41BD6283D006600E5 /* Demo4_静态表格_xibTests.xctest */,
			);
			name = Products;
			sourceTree = "<group>";
		};
		857DD9CD1BD6283D006600E5 /* Demo4_静态表格_xib */ = {
			isa = PBXGroup;
			children = (
				857DD9D21BD6283D006600E5 /* AppDelegate.h */,
				857DD9D31BD6283D006600E5 /* AppDelegate.m */,
				857DD9F41BD62867006600E5 /* SettingTableViewController.h */,
				857DD9F51BD62867006600E5 /* SettingTableViewController.m */,
				857DD9F61BD62867006600E5 /* SettingTableViewController.xib */,
				857DD9F91BD6300E006600E5 /* 08353.jpg */,
				857DD9DB1BD6283D006600E5 /* Images.xcassets */,
				857DD9DD1BD6283D006600E5 /* LaunchScreen.xib */,
				857DD9CE1BD6283D006600E5 /* Supporting Files */,
			);
			path = "Demo4_静态表格_xib";
			sourceTree = "<group>";
		};
		857DD9CE1BD6283D006600E5 /* Supporting Files */ = {
			isa = PBXGroup;
			children = (
				857DD9CF1BD6283D006600E5 /* Info.plist */,
				857DD9D01BD6283D006600E5 /* main.m */,
			);
			name = "Supporting Files";
			sourceTree = "<group>";
		};
		857DD9E71BD6283D006600E5 /* Demo4_静态表格_xibTests */ = {
			isa = PBXGroup;
			children = (
				857DD9EA1BD6283D006600E5 /* Demo4______xibTests.m */,
				857DD9E81BD6283D006600E5 /* Supporting Files */,
			);
			path = "Demo4_静态表格_xibTests";
			sourceTree = "<group>";
		};
		857DD9E81BD6283D006600E5 /* Supporting Files */ = {
			isa = PBXGroup;
			children = (
				857DD9E91BD6283D006600E5 /* Info.plist */,
			);
			name = "Supporting Files";
			sourceTree = "<group>";
		};
/* End PBXGroup section */

/* Begin PBXNativeTarget section */
		857DD9CA1BD6283D006600E5 /* Demo4_静态表格_xib */ = {
			isa = PBXNativeTarget;
			buildConfigurationList = 857DD9EE1BD6283D006600E5 /* Build configuration list for PBXNativeTarget "Demo4_静态表格_xib" */;
			buildPhases = (
				857DD9C71BD6283D006600E5 /* Sources */,
				857DD9C81BD6283D006600E5 /* Frameworks */,
				857DD9C91BD6283D006600E5 /* Resources */,
			);
			buildRules = (
			);
			dependencies = (
			);
			name = "Demo4_静态表格_xib";
			productName = "Demo4_静态表格_xib";
			productReference = 857DD9CB1BD6283D006600E5 /* Demo4_静态表格_xib.app */;
			productType = "com.apple.product-type.application";
		};
		857DD9E31BD6283D006600E5 /* Demo4_静态表格_xibTests */ = {
			isa = PBXNativeTarget;
			buildConfigurationList = 857DD9F11BD6283D006600E5 /* Build configuration list for PBXNativeTarget "Demo4_静态表格_xibTests" */;
			buildPhases = (
				857DD9E01BD6283D006600E5 /* Sources */,
				857DD9E11BD6283D006600E5 /* Frameworks */,
				857DD9E21BD6283D006600E5 /* Resources */,
			);
			buildRules = (
			);
			dependencies = (
				857DD9E61BD6283D006600E5 /* PBXTargetDependency */,
			);
			name = "Demo4_静态表格_xibTests";
			productName = "Demo4_静态表格_xibTests";
			productReference = 857DD9E41BD6283D006600E5 /* Demo4_静态表格_xibTests.xctest */;
			productType = "com.apple.product-type.bundle.unit-test";
		};
/* End PBXNativeTarget section */

/* Begin PBXProject section */
		857DD9C31BD6283D006600E5 /* Project object */ = {
			isa = PBXProject;
			attributes = {
				LastUpgradeCheck = 0630;
				ORGANIZATIONNAME = tarena;
				TargetAttributes = {
					857DD9CA1BD6283D006600E5 = {
						CreatedOnToolsVersion = 6.3.1;
					};
					857DD9E31BD6283D006600E5 = {
						CreatedOnToolsVersion = 6.3.1;
						TestTargetID = 857DD9CA1BD6283D006600E5;
					};
				};
			};
			buildConfigurationList = 857DD9C61BD6283D006600E5 /* Build configuration list for PBXProject "Demo4_静态表格_xib" */;
			compatibilityVersion = "Xcode 3.2";
			developmentRegion = English;
			hasScannedForEncodings = 0;
			knownRegions = (
				en,
				Base,
			);
			mainGroup = 857DD9C21BD6283D006600E5;
			productRefGroup = 857DD9CC1BD6283D006600E5 /* Products */;
			projectDirPath = "";
			projectRoot = "";
			targets = (
				857DD9CA1BD6283D006600E5 /* Demo4_静态表格_xib */,
				857DD9E31BD6283D006600E5 /* Demo4_静态表格_xibTests */,
			);
		};
/* End PBXProject section */

/* Begin PBXResourcesBuildPhase section */
		857DD9C91BD6283D006600E5 /* Resources */ = {
			isa = PBXResourcesBuildPhase;
			buildActionMask = 2147483647;
			files = (
				857DD9DF1BD6283D006600E5 /* LaunchScreen.xib in Resources */,
				857DD9DC1BD6283D006600E5 /* Images.xcassets in Resources */,
				857DD9F81BD62867006600E5 /* SettingTableViewController.xib in Resources */,
				857DD9FA1BD6300E006600E5 /* 08353.jpg in Resources */,
			);
			runOnlyForDeploymentPostprocessing = 0;
		};
		857DD9E21BD6283D006600E5 /* Resources */ = {
			isa = PBXResourcesBuildPhase;
			buildActionMask = 2147483647;
			files = (
			);
			runOnlyForDeploymentPostprocessing = 0;
		};
/* End PBXResourcesBuildPhase section */

/* Begin PBXSourcesBuildPhase section */
		857DD9C71BD6283D006600E5 /* Sources */ = {
			isa = PBXSourcesBuildPhase;
			buildActionMask = 2147483647;
			files = (
				857DD9D41BD6283D006600E5 /* AppDelegate.m in Sources */,
				857DD9F71BD62867006600E5 /* SettingTableViewController.m in Sources */,
				857DD9D11BD6283D006600E5 /* main.m in Sources */,
			);
			runOnlyForDeploymentPostprocessing = 0;
		};
		857DD9E01BD6283D006600E5 /* Sources */ = {
			isa = PBXSourcesBuildPhase;
			buildActionMask = 2147483647;
			files = (
				857DD9EB1BD6283D006600E5 /* Demo4______xibTests.m in Sources */,
			);
			runOnlyForDeploymentPostprocessing = 0;
		};
/* End PBXSourcesBuildPhase section */

/* Begin PBXTargetDependency section */
		857DD9E61BD6283D006600E5 /* PBXTargetDependency */ = {
			isa = PBXTargetDependency;
			target = 857DD9CA1BD6283D006600E5 /* Demo4_静态表格_xib */;
			targetProxy = 857DD9E51BD6283D006600E5 /* PBXContainerItemProxy */;
		};
/* End PBXTargetDependency section */

/* Begin PBXVariantGroup section */
		857DD9DD1BD6283D006600E5 /* LaunchScreen.xib */ = {
			isa = PBXVariantGroup;
			children = (
				857DD9DE1BD6283D006600E5 /* Base */,
			);
			name = LaunchScreen.xib;
			sourceTree = "<group>";
		};
/* End PBXVariantGroup section */

/* Begin XCBuildConfiguration section */
		857DD9EC1BD6283D006600E5 /* Debug */ = {
			isa = XCBuildConfiguration;
			buildSettings = {
				ALWAYS_SEARCH_USER_PATHS = NO;
				CLANG_CXX_LANGUAGE_STANDARD = "gnu++0x";
				CLANG_CXX_LIBRARY = "libc++";
				CLANG_ENABLE_MODULES = YES;
				CLANG_ENABLE_OBJC_ARC = YES;
				CLANG_WARN_BOOL_CONVERSION = YES;
				CLANG_WARN_CONSTANT_CONVERSION = YES;
				CLANG_WARN_DIRECT_OBJC_ISA_USAGE = YES_ERROR;
				CLANG_WARN_EMPTY_BODY = YES;
				CLANG_WARN_ENUM_CONVERSION = YES;
				CLANG_WARN_INT_CONVERSION = YES;
				CLANG_WARN_OBJC_ROOT_CLASS = YES_ERROR;
				CLANG_WARN_UNREACHABLE_CODE = YES;
				CLANG_WARN__DUPLICATE_METHOD_MATCH = YES;
				"CODE_SIGN_IDENTITY[sdk=iphoneos*]" = "iPhone Developer";
				COPY_PHASE_STRIP = NO;
				DEBUG_INFORMATION_FORMAT = "dwarf-with-dsym";
				ENABLE_STRICT_OBJC_MSGSEND = YES;
				GCC_C_LANGUAGE_STANDARD = gnu99;
				GCC_DYNAMIC_NO_PIC = NO;
				GCC_NO_COMMON_BLOCKS = YES;
				GCC_OPTIMIZATION_LEVEL = 0;
				GCC_PREPROCESSOR_DEFINITIONS = (
					"DEBUG=1",
					"$(inherited)",
				);
				GCC_SYMBOLS_PRIVATE_EXTERN = NO;
				GCC_WARN_64_TO_32_BIT_CONVERSION = YES;
				GCC_WARN_ABOUT_RETURN_TYPE = YES_ERROR;
				GCC_WARN_UNDECLARED_SELECTOR = YES;
				GCC_WARN_UNINITIALIZED_AUTOS = YES_AGGRESSIVE;
				GCC_WARN_UNUSED_FUNCTION = YES;
				GCC_WARN_UNUSED_VARIABLE = YES;
				IPHONEOS_DEPLOYMENT_TARGET = 8.3;
				MTL_ENABLE_DEBUG_INFO = YES;
				ONLY_ACTIVE_ARCH = YES;
				SDKROOT = iphoneos;
			};
			name = Debug;
		};
		857DD9ED1BD6283D006600E5 /* Release */ = {
			isa = XCBuildConfiguration;
			buildSettings = {
				ALWAYS_SEARCH_USER_PATHS = NO;
				CLANG_CXX_LANGUAGE_STANDARD = "gnu++0x";
				CLANG_CXX_LIBRARY = "libc++";
				CLANG_ENABLE_MODULES = YES;
				CLANG_ENABLE_OBJC_ARC = YES;
				CLANG_WARN_BOOL_CONVERSION = YES;
				CLANG_WARN_CONSTANT_CONVERSION = YES;
				CLANG_WARN_DIRECT_OBJC_ISA_USAGE = YES_ERROR;
				CLANG_WARN_EMPTY_BODY = YES;
				CLANG_WARN_ENUM_CONVERSION = YES;
				CLANG_WARN_INT_CONVERSION = YES;
				CLANG_WARN_OBJC_ROOT_CLASS = YES_ERROR;
				CLANG_WARN_UNREACHABLE_CODE = YES;
				CLANG_WARN__DUPLICATE_METHOD_MATCH = YES;
				"CODE_SIGN_IDENTITY[sdk=iphoneos*]" = "iPhone Developer";
				COPY_PHASE_STRIP = NO;
				DEBUG_INFORMATION_FORMAT = "dwarf-with-dsym";
				ENABLE_NS_ASSERTIONS = NO;
				ENABLE_STRICT_OBJC_MSGSEND = YES;
				GCC_C_LANGUAGE_STANDARD = gnu99;
				GCC_NO_COMMON_BLOCKS = YES;
				GCC_WARN_64_TO_32_BIT_CONVERSION = YES;
				GCC_WARN_ABOUT_RETURN_TYPE = YES_ERROR;
				GCC_WARN_UNDECLARED_SELECTOR = YES;
				GCC_WARN_UNINITIALIZED_AUTOS = YES_AGGRESSIVE;
				GCC_WARN_UNUSED_FUNCTION = YES;
				GCC_WARN_UNUSED_VARIABLE = YES;
				IPHONEOS_DEPLOYMENT_TARGET = 8.3;
				MTL_ENABLE_DEBUG_INFO = NO;
				SDKROOT = iphoneos;
				VALIDATE_PRODUCT = YES;
			};
			name = Release;
		};
		857DD9EF1BD6283D006600E5 /* Debug */ = {
			isa = XCBuildConfiguration;
			buildSettings = {
				ASSETCATALOG_COMPILER_APPICON_NAME = AppIcon;
				INFOPLIST_FILE = "Demo4_静态表格_xib/Info.plist";
				LD_RUNPATH_SEARCH_PATHS = "$(inherited) @executable_path/Frameworks";
				PRODUCT_NAME = "$(TARGET_NAME)";
			};
			name = Debug;
		};
		857DD9F01BD6283D006600E5 /* Release */ = {
			isa = XCBuildConfiguration;
			buildSettings = {
				ASSETCATALOG_COMPILER_APPICON_NAME = AppIcon;
				INFOPLIST_FILE = "Demo4_静态表格_xib/Info.plist";
				LD_RUNPATH_SEARCH_PATHS = "$(inherited) @executable_path/Frameworks";
				PRODUCT_NAME = "$(TARGET_NAME)";
			};
			name = Release;
		};
		857DD9F21BD6283D006600E5 /* Debug */ = {
			isa = XCBuildConfiguration;
			buildSettings = {
				BUNDLE_LOADER = "$(TEST_HOST)";
				FRAMEWORK_SEARCH_PATHS = (
					"$(SDKROOT)/Developer/Library/Frameworks",
					"$(inherited)",
				);
				GCC_PREPROCESSOR_DEFINITIONS = (
					"DEBUG=1",
					"$(inherited)",
				);
				INFOPLIST_FILE = "Demo4_静态表格_xibTests/Info.plist";
				LD_RUNPATH_SEARCH_PATHS = "$(inherited) @executable_path/Frameworks @loader_path/Frameworks";
				PRODUCT_NAME = "$(TARGET_NAME)";
				TEST_HOST = "$(BUILT_PRODUCTS_DIR)/Demo4_静态表格_xib.app/Demo4_静态表格_xib";
			};
			name = Debug;
		};
		857DD9F31BD6283D006600E5 /* Release */ = {
			isa = XCBuildConfiguration;
			buildSettings = {
				BUNDLE_LOADER = "$(TEST_HOST)";
				FRAMEWORK_SEARCH_PATHS = (
					"$(SDKROOT)/Developer/Library/Frameworks",
					"$(inherited)",
				);
				INFOPLIST_FILE = "Demo4_静态表格_xibTests/Info.plist";
				LD_RUNPATH_SEARCH_PATHS = "$(inherited) @executable_path/Frameworks @loader_path/Frameworks";
				PRODUCT_NAME = "$(TARGET_NAME)";
				TEST_HOST = "$(BUILT_PRODUCTS_DIR)/Demo4_静态表格_xib.app/Demo4_静态表格_xib";
			};
			name = Release;
		};
/* End XCBuildConfiguration section */

/* Begin XCConfigurationList section */
		857DD9C61BD6283D006600E5 /* Build configuration list for PBXProject "Demo4_静态表格_xib" */ = {
			isa = XCConfigurationList;
			buildConfigurations = (
				857DD9EC1BD6283D006600E5 /* Debug */,
				857DD9ED1BD6283D006600E5 /* Release */,
			);
			defaultConfigurationIsVisible = 0;
			defaultConfigurationName = Release;
		};
		857DD9EE1BD6283D006600E5 /* Build configuration list for PBXNativeTarget "Demo4_静态表格_xib" */ = {
			isa = XCConfigurationList;
			buildConfigurations = (
				857DD9EF1BD6283D006600E5 /* Debug */,
				857DD9F01BD6283D006600E5 /* Release */,
			);
			defaultConfigurationIsVisible = 0;
		};
		857DD9F11BD6283D006600E5 /* Build configuration list for PBXNativeTarget "Demo4_静态表格_xibTests" */ = {
			isa = XCConfigurationList;
			buildConfigurations = (
				857DD9F21BD6283D006600E5 /* Debug */,
				857DD9F31BD6283D006600E5 /* Release */,
			);
			defaultConfigurationIsVisible = 0;
		};
/* End XCConfigurationList section */
	};
	rootObject = 857DD9C31BD6283D006600E5 /* Project object */;
}
