// !$*UTF8*$!
{
	archiveVersion = 1;
	classes = {
	};
	objectVersion = 46;
	objects = {

/* Begin PBXBuildFile section */
		8576C5D61BE88C140047A4CE /* main.m in Sources */ = {isa = PBXBuildFile; fileRef = 8576C5D51BE88C140047A4CE /* main.m */; };
		8576C5D91BE88C140047A4CE /* AppDelegate.m in Sources */ = {isa = PBXBuildFile; fileRef = 8576C5D81BE88C140047A4CE /* AppDelegate.m */; };
		8576C5DC1BE88C140047A4CE /* ViewController.m in Sources */ = {isa = PBXBuildFile; fileRef = 8576C5DB1BE88C140047A4CE /* ViewController.m */; };
		8576C5DF1BE88C140047A4CE /* Main.storyboard in Resources */ = {isa = PBXBuildFile; fileRef = 8576C5DD1BE88C140047A4CE /* Main.storyboard */; };
		8576C5E11BE88C140047A4CE /* Images.xcassets in Resources */ = {isa = PBXBuildFile; fileRef = 8576C5E01BE88C140047A4CE /* Images.xcassets */; };
		8576C5E41BE88C140047A4CE /* LaunchScreen.xib in Resources */ = {isa = PBXBuildFile; fileRef = 8576C5E21BE88C140047A4CE /* LaunchScreen.xib */; };
		8576C5F01BE88C140047A4CE /* Demo3_CALayerTests.m in Sources */ = {isa = PBXBuildFile; fileRef = 8576C5EF1BE88C140047A4CE /* Demo3_CALayerTests.m */; };
		8576C5FA1BE88F750047A4CE /* icon152.png in Resources */ = {isa = PBXBuildFile; fileRef = 8576C5F91BE88F750047A4CE /* icon152.png */; };
		8576C5FD1BE89D430047A4CE /* RotationViewController.m in Sources */ = {isa = PBXBuildFile; fileRef = 8576C5FC1BE89D430047A4CE /* RotationViewController.m */; };
		8576C6001BE8AD270047A4CE /* LayerViewController.m in Sources */ = {isa = PBXBuildFile; fileRef = 8576C5FF1BE8AD270047A4CE /* LayerViewController.m */; };
/* End PBXBuildFile section */

/* Begin PBXContainerItemProxy section */
		8576C5EA1BE88C140047A4CE /* PBXContainerItemProxy */ = {
			isa = PBXContainerItemProxy;
			containerPortal = 8576C5C81BE88C140047A4CE /* Project object */;
			proxyType = 1;
			remoteGlobalIDString = 8576C5CF1BE88C140047A4CE;
			remoteInfo = Demo3_CALayer;
		};
/* End PBXContainerItemProxy section */

/* Begin PBXFileReference section */
		8576C5D01BE88C140047A4CE /* Demo3_CALayer.app */ = {isa = PBXFileReference; explicitFileType = wrapper.application; includeInIndex = 0; path = Demo3_CALayer.app; sourceTree = BUILT_PRODUCTS_DIR; };
		8576C5D41BE88C140047A4CE /* Info.plist */ = {isa = PBXFileReference; lastKnownFileType = text.plist.xml; path = Info.plist; sourceTree = "<group>"; };
		8576C5D51BE88C140047A4CE /* main.m */ = {isa = PBXFileReference; lastKnownFileType = sourcecode.c.objc; path = main.m; sourceTree = "<group>"; };
		8576C5D71BE88C140047A4CE /* AppDelegate.h */ = {isa = PBXFileReference; lastKnownFileType = sourcecode.c.h; path = AppDelegate.h; sourceTree = "<group>"; };
		8576C5D81BE88C140047A4CE /* AppDelegate.m */ = {isa = PBXFileReference; lastKnownFileType = sourcecode.c.objc; path = AppDelegate.m; sourceTree = "<group>"; };
		8576C5DA1BE88C140047A4CE /* ViewController.h */ = {isa = PBXFileReference; lastKnownFileType = sourcecode.c.h; path = ViewController.h; sourceTree = "<group>"; };
		8576C5DB1BE88C140047A4CE /* ViewController.m */ = {isa = PBXFileReference; lastKnownFileType = sourcecode.c.objc; path = ViewController.m; sourceTree = "<group>"; };
		8576C5DE1BE88C140047A4CE /* Base */ = {isa = PBXFileReference; lastKnownFileType = file.storyboard; name = Base; path = Base.lproj/Main.storyboard; sourceTree = "<group>"; };
		8576C5E01BE88C140047A4CE /* Images.xcassets */ = {isa = PBXFileReference; lastKnownFileType = folder.assetcatalog; path = Images.xcassets; sourceTree = "<group>"; };
		8576C5E31BE88C140047A4CE /* Base */ = {isa = PBXFileReference; lastKnownFileType = file.xib; name = Base; path = Base.lproj/LaunchScreen.xib; sourceTree = "<group>"; };
		8576C5E91BE88C140047A4CE /* Demo3_CALayerTests.xctest */ = {isa = PBXFileReference; explicitFileType = wrapper.cfbundle; includeInIndex = 0; path = Demo3_CALayerTests.xctest; sourceTree = BUILT_PRODUCTS_DIR; };
		8576C5EE1BE88C140047A4CE /* Info.plist */ = {isa = PBXFileReference; lastKnownFileType = text.plist.xml; path = Info.plist; sourceTree = "<group>"; };
		8576C5EF1BE88C140047A4CE /* Demo3_CALayerTests.m */ = {isa = PBXFileReference; lastKnownFileType = sourcecode.c.objc; path = Demo3_CALayerTests.m; sourceTree = "<group>"; };
		8576C5F91BE88F750047A4CE /* icon152.png */ = {isa = PBXFileReference; lastKnownFileType = image.png; path = icon152.png; sourceTree = "<group>"; };
		8576C5FB1BE89D430047A4CE /* RotationViewController.h */ = {isa = PBXFileReference; fileEncoding = 4; lastKnownFileType = sourcecode.c.h; path = RotationViewController.h; sourceTree = "<group>"; };
		8576C5FC1BE89D430047A4CE /* RotationViewController.m */ = {isa = PBXFileReference; fileEncoding = 4; lastKnownFileType = sourcecode.c.objc; path = RotationViewController.m; sourceTree = "<group>"; };
		8576C5FE1BE8AD270047A4CE /* LayerViewController.h */ = {isa = PBXFileReference; fileEncoding = 4; lastKnownFileType = sourcecode.c.h; path = LayerViewController.h; sourceTree = "<group>"; };
		8576C5FF1BE8AD270047A4CE /* LayerViewController.m */ = {isa = PBXFileReference; fileEncoding = 4; lastKnownFileType = sourcecode.c.objc; path = LayerViewController.m; sourceTree = "<group>"; };
/* End PBXFileReference section */

/* Begin PBXFrameworksBuildPhase section */
		8576C5CD1BE88C140047A4CE /* Frameworks */ = {
			isa = PBXFrameworksBuildPhase;
			buildActionMask = 2147483647;
			files = (
			);
			runOnlyForDeploymentPostprocessing = 0;
		};
		8576C5E61BE88C140047A4CE /* Frameworks */ = {
			isa = PBXFrameworksBuildPhase;
			buildActionMask = 2147483647;
			files = (
			);
			runOnlyForDeploymentPostprocessing = 0;
		};
/* End PBXFrameworksBuildPhase section */

/* Begin PBXGroup section */
		8576C5C71BE88C140047A4CE = {
			isa = PBXGroup;
			children = (
				8576C5D21BE88C140047A4CE /* Demo3_CALayer */,
				8576C5EC1BE88C140047A4CE /* Demo3_CALayerTests */,
				8576C5D11BE88C140047A4CE /* Products */,
			);
			sourceTree = "<group>";
		};
		8576C5D11BE88C140047A4CE /* Products */ = {
			isa = PBXGroup;
			children = (
				8576C5D01BE88C140047A4CE /* Demo3_CALayer.app */,
				8576C5E91BE88C140047A4CE /* Demo3_CALayerTests.xctest */,
			);
			name = Products;
			sourceTree = "<group>";
		};
		8576C5D21BE88C140047A4CE /* Demo3_CALayer */ = {
			isa = PBXGroup;
			children = (
				8576C5D71BE88C140047A4CE /* AppDelegate.h */,
				8576C5D81BE88C140047A4CE /* AppDelegate.m */,
				8576C5DA1BE88C140047A4CE /* ViewController.h */,
				8576C5DB1BE88C140047A4CE /* ViewController.m */,
				8576C5FB1BE89D430047A4CE /* RotationViewController.h */,
				8576C5FC1BE89D430047A4CE /* RotationViewController.m */,
				8576C5FE1BE8AD270047A4CE /* LayerViewController.h */,
				8576C5FF1BE8AD270047A4CE /* LayerViewController.m */,
				8576C5DD1BE88C140047A4CE /* Main.storyboard */,
				8576C5F91BE88F750047A4CE /* icon152.png */,
				8576C5E01BE88C140047A4CE /* Images.xcassets */,
				8576C5E21BE88C140047A4CE /* LaunchScreen.xib */,
				8576C5D31BE88C140047A4CE /* Supporting Files */,
			);
			path = Demo3_CALayer;
			sourceTree = "<group>";
		};
		8576C5D31BE88C140047A4CE /* Supporting Files */ = {
			isa = PBXGroup;
			children = (
				8576C5D41BE88C140047A4CE /* Info.plist */,
				8576C5D51BE88C140047A4CE /* main.m */,
			);
			name = "Supporting Files";
			sourceTree = "<group>";
		};
		8576C5EC1BE88C140047A4CE /* Demo3_CALayerTests */ = {
			isa = PBXGroup;
			children = (
				8576C5EF1BE88C140047A4CE /* Demo3_CALayerTests.m */,
				8576C5ED1BE88C140047A4CE /* Supporting Files */,
			);
			path = Demo3_CALayerTests;
			sourceTree = "<group>";
		};
		8576C5ED1BE88C140047A4CE /* Supporting Files */ = {
			isa = PBXGroup;
			children = (
				8576C5EE1BE88C140047A4CE /* Info.plist */,
			);
			name = "Supporting Files";
			sourceTree = "<group>";
		};
/* End PBXGroup section */

/* Begin PBXNativeTarget section */
		8576C5CF1BE88C140047A4CE /* Demo3_CALayer */ = {
			isa = PBXNativeTarget;
			buildConfigurationList = 8576C5F31BE88C140047A4CE /* Build configuration list for PBXNativeTarget "Demo3_CALayer" */;
			buildPhases = (
				8576C5CC1BE88C140047A4CE /* Sources */,
				8576C5CD1BE88C140047A4CE /* Frameworks */,
				8576C5CE1BE88C140047A4CE /* Resources */,
			);
			buildRules = (
			);
			dependencies = (
			);
			name = Demo3_CALayer;
			productName = Demo3_CALayer;
			productReference = 8576C5D01BE88C140047A4CE /* Demo3_CALayer.app */;
			productType = "com.apple.product-type.application";
		};
		8576C5E81BE88C140047A4CE /* Demo3_CALayerTests */ = {
			isa = PBXNativeTarget;
			buildConfigurationList = 8576C5F61BE88C140047A4CE /* Build configuration list for PBXNativeTarget "Demo3_CALayerTests" */;
			buildPhases = (
				8576C5E51BE88C140047A4CE /* Sources */,
				8576C5E61BE88C140047A4CE /* Frameworks */,
				8576C5E71BE88C140047A4CE /* Resources */,
			);
			buildRules = (
			);
			dependencies = (
				8576C5EB1BE88C140047A4CE /* PBXTargetDependency */,
			);
			name = Demo3_CALayerTests;
			productName = Demo3_CALayerTests;
			productReference = 8576C5E91BE88C140047A4CE /* Demo3_CALayerTests.xctest */;
			productType = "com.apple.product-type.bundle.unit-test";
		};
/* End PBXNativeTarget section */

/* Begin PBXProject section */
		8576C5C81BE88C140047A4CE /* Project object */ = {
			isa = PBXProject;
			attributes = {
				LastUpgradeCheck = 0640;
				ORGANIZATIONNAME = tarena;
				TargetAttributes = {
					8576C5CF1BE88C140047A4CE = {
						CreatedOnToolsVersion = 6.4;
					};
					8576C5E81BE88C140047A4CE = {
						CreatedOnToolsVersion = 6.4;
						TestTargetID = 8576C5CF1BE88C140047A4CE;
					};
				};
			};
			buildConfigurationList = 8576C5CB1BE88C140047A4CE /* Build configuration list for PBXProject "Demo3_CALayer" */;
			compatibilityVersion = "Xcode 3.2";
			developmentRegion = English;
			hasScannedForEncodings = 0;
			knownRegions = (
				en,
				Base,
			);
			mainGroup = 8576C5C71BE88C140047A4CE;
			productRefGroup = 8576C5D11BE88C140047A4CE /* Products */;
			projectDirPath = "";
			projectRoot = "";
			targets = (
				8576C5CF1BE88C140047A4CE /* Demo3_CALayer */,
				8576C5E81BE88C140047A4CE /* Demo3_CALayerTests */,
			);
		};
/* End PBXProject section */

/* Begin PBXResourcesBuildPhase section */
		8576C5CE1BE88C140047A4CE /* Resources */ = {
			isa = PBXResourcesBuildPhase;
			buildActionMask = 2147483647;
			files = (
				8576C5DF1BE88C140047A4CE /* Main.storyboard in Resources */,
				8576C5E41BE88C140047A4CE /* LaunchScreen.xib in Resources */,
				8576C5E11BE88C140047A4CE /* Images.xcassets in Resources */,
				8576C5FA1BE88F750047A4CE /* icon152.png in Resources */,
			);
			runOnlyForDeploymentPostprocessing = 0;
		};
		8576C5E71BE88C140047A4CE /* Resources */ = {
			isa = PBXResourcesBuildPhase;
			buildActionMask = 2147483647;
			files = (
			);
			runOnlyForDeploymentPostprocessing = 0;
		};
/* End PBXResourcesBuildPhase section */

/* Begin PBXSourcesBuildPhase section */
		8576C5CC1BE88C140047A4CE /* Sources */ = {
			isa = PBXSourcesBuildPhase;
			buildActionMask = 2147483647;
			files = (
				8576C5DC1BE88C140047A4CE /* ViewController.m in Sources */,
				8576C5D91BE88C140047A4CE /* AppDelegate.m in Sources */,
				8576C5FD1BE89D430047A4CE /* RotationViewController.m in Sources */,
				8576C5D61BE88C140047A4CE /* main.m in Sources */,
				8576C6001BE8AD270047A4CE /* LayerViewController.m in Sources */,
			);
			runOnlyForDeploymentPostprocessing = 0;
		};
		8576C5E51BE88C140047A4CE /* Sources */ = {
			isa = PBXSourcesBuildPhase;
			buildActionMask = 2147483647;
			files = (
				8576C5F01BE88C140047A4CE /* Demo3_CALayerTests.m in Sources */,
			);
			runOnlyForDeploymentPostprocessing = 0;
		};
/* End PBXSourcesBuildPhase section */

/* Begin PBXTargetDependency section */
		8576C5EB1BE88C140047A4CE /* PBXTargetDependency */ = {
			isa = PBXTargetDependency;
			target = 8576C5CF1BE88C140047A4CE /* Demo3_CALayer */;
			targetProxy = 8576C5EA1BE88C140047A4CE /* PBXContainerItemProxy */;
		};
/* End PBXTargetDependency section */

/* Begin PBXVariantGroup section */
		8576C5DD1BE88C140047A4CE /* Main.storyboard */ = {
			isa = PBXVariantGroup;
			children = (
				8576C5DE1BE88C140047A4CE /* Base */,
			);
			name = Main.storyboard;
			sourceTree = "<group>";
		};
		8576C5E21BE88C140047A4CE /* LaunchScreen.xib */ = {
			isa = PBXVariantGroup;
			children = (
				8576C5E31BE88C140047A4CE /* Base */,
			);
			name = LaunchScreen.xib;
			sourceTree = "<group>";
		};
/* End PBXVariantGroup section */

/* Begin XCBuildConfiguration section */
		8576C5F11BE88C140047A4CE /* Debug */ = {
			isa = XCBuildConfiguration;
			buildSettings = {
				ALWAYS_SEARCH_USER_PATHS = NO;
				CLANG_CXX_LANGUAGE_STANDARD = "gnu++0x";
				CLANG_CXX_LIBRARY = "libc++";
				CLANG_ENABLE_MODULES = YES;
				CLANG_ENABLE_OBJC_ARC = YES;
				CLANG_WARN_BOOL_CONVERSION = YES;
				CLANG_WARN_CONSTANT_CONVERSION = YES;
				CLANG_WARN_DIRECT_OBJC_ISA_USAGE = YES_ERROR;
				CLANG_WARN_EMPTY_BODY = YES;
				CLANG_WARN_ENUM_CONVERSION = YES;
				CLANG_WARN_INT_CONVERSION = YES;
				CLANG_WARN_OBJC_ROOT_CLASS = YES_ERROR;
				CLANG_WARN_UNREACHABLE_CODE = YES;
				CLANG_WARN__DUPLICATE_METHOD_MATCH = YES;
				"CODE_SIGN_IDENTITY[sdk=iphoneos*]" = "iPhone Developer";
				COPY_PHASE_STRIP = NO;
				DEBUG_INFORMATION_FORMAT = "dwarf-with-dsym";
				ENABLE_STRICT_OBJC_MSGSEND = YES;
				GCC_C_LANGUAGE_STANDARD = gnu99;
				GCC_DYNAMIC_NO_PIC = NO;
				GCC_NO_COMMON_BLOCKS = YES;
				GCC_OPTIMIZATION_LEVEL = 0;
				GCC_PREPROCESSOR_DEFINITIONS = (
					"DEBUG=1",
					"$(inherited)",
				);
				GCC_SYMBOLS_PRIVATE_EXTERN = NO;
				GCC_WARN_64_TO_32_BIT_CONVERSION = YES;
				GCC_WARN_ABOUT_RETURN_TYPE = YES_ERROR;
				GCC_WARN_UNDECLARED_SELECTOR = YES;
				GCC_WARN_UNINITIALIZED_AUTOS = YES_AGGRESSIVE;
				GCC_WARN_UNUSED_FUNCTION = YES;
				GCC_WARN_UNUSED_VARIABLE = YES;
				IPHONEOS_DEPLOYMENT_TARGET = 8.4;
				MTL_ENABLE_DEBUG_INFO = YES;
				ONLY_ACTIVE_ARCH = YES;
				SDKROOT = iphoneos;
			};
			name = Debug;
		};
		8576C5F21BE88C140047A4CE /* Release */ = {
			isa = XCBuildConfiguration;
			buildSettings = {
				ALWAYS_SEARCH_USER_PATHS = NO;
				CLANG_CXX_LANGUAGE_STANDARD = "gnu++0x";
				CLANG_CXX_LIBRARY = "libc++";
				CLANG_ENABLE_MODULES = YES;
				CLANG_ENABLE_OBJC_ARC = YES;
				CLANG_WARN_BOOL_CONVERSION = YES;
				CLANG_WARN_CONSTANT_CONVERSION = YES;
				CLANG_WARN_DIRECT_OBJC_ISA_USAGE = YES_ERROR;
				CLANG_WARN_EMPTY_BODY = YES;
				CLANG_WARN_ENUM_CONVERSION = YES;
				CLANG_WARN_INT_CONVERSION = YES;
				CLANG_WARN_OBJC_ROOT_CLASS = YES_ERROR;
				CLANG_WARN_UNREACHABLE_CODE = YES;
				CLANG_WARN__DUPLICATE_METHOD_MATCH = YES;
				"CODE_SIGN_IDENTITY[sdk=iphoneos*]" = "iPhone Developer";
				COPY_PHASE_STRIP = NO;
				DEBUG_INFORMATION_FORMAT = "dwarf-with-dsym";
				ENABLE_NS_ASSERTIONS = NO;
				ENABLE_STRICT_OBJC_MSGSEND = YES;
				GCC_C_LANGUAGE_STANDARD = gnu99;
				GCC_NO_COMMON_BLOCKS = YES;
				GCC_WARN_64_TO_32_BIT_CONVERSION = YES;
				GCC_WARN_ABOUT_RETURN_TYPE = YES_ERROR;
				GCC_WARN_UNDECLARED_SELECTOR = YES;
				GCC_WARN_UNINITIALIZED_AUTOS = YES_AGGRESSIVE;
				GCC_WARN_UNUSED_FUNCTION = YES;
				GCC_WARN_UNUSED_VARIABLE = YES;
				IPHONEOS_DEPLOYMENT_TARGET = 8.4;
				MTL_ENABLE_DEBUG_INFO = NO;
				SDKROOT = iphoneos;
				VALIDATE_PRODUCT = YES;
			};
			name = Release;
		};
		8576C5F41BE88C140047A4CE /* Debug */ = {
			isa = XCBuildConfiguration;
			buildSettings = {
				ASSETCATALOG_COMPILER_APPICON_NAME = AppIcon;
				INFOPLIST_FILE = Demo3_CALayer/Info.plist;
				LD_RUNPATH_SEARCH_PATHS = "$(inherited) @executable_path/Frameworks";
				PRODUCT_NAME = "$(TARGET_NAME)";
			};
			name = Debug;
		};
		8576C5F51BE88C140047A4CE /* Release */ = {
			isa = XCBuildConfiguration;
			buildSettings = {
				ASSETCATALOG_COMPILER_APPICON_NAME = AppIcon;
				INFOPLIST_FILE = Demo3_CALayer/Info.plist;
				LD_RUNPATH_SEARCH_PATHS = "$(inherited) @executable_path/Frameworks";
				PRODUCT_NAME = "$(TARGET_NAME)";
			};
			name = Release;
		};
		8576C5F71BE88C140047A4CE /* Debug */ = {
			isa = XCBuildConfiguration;
			buildSettings = {
				BUNDLE_LOADER = "$(TEST_HOST)";
				FRAMEWORK_SEARCH_PATHS = (
					"$(SDKROOT)/Developer/Library/Frameworks",
					"$(inherited)",
				);
				GCC_PREPROCESSOR_DEFINITIONS = (
					"DEBUG=1",
					"$(inherited)",
				);
				INFOPLIST_FILE = Demo3_CALayerTests/Info.plist;
				LD_RUNPATH_SEARCH_PATHS = "$(inherited) @executable_path/Frameworks @loader_path/Frameworks";
				PRODUCT_NAME = "$(TARGET_NAME)";
				TEST_HOST = "$(BUILT_PRODUCTS_DIR)/Demo3_CALayer.app/Demo3_CALayer";
			};
			name = Debug;
		};
		8576C5F81BE88C140047A4CE /* Release */ = {
			isa = XCBuildConfiguration;
			buildSettings = {
				BUNDLE_LOADER = "$(TEST_HOST)";
				FRAMEWORK_SEARCH_PATHS = (
					"$(SDKROOT)/Developer/Library/Frameworks",
					"$(inherited)",
				);
				INFOPLIST_FILE = Demo3_CALayerTests/Info.plist;
				LD_RUNPATH_SEARCH_PATHS = "$(inherited) @executable_path/Frameworks @loader_path/Frameworks";
				PRODUCT_NAME = "$(TARGET_NAME)";
				TEST_HOST = "$(BUILT_PRODUCTS_DIR)/Demo3_CALayer.app/Demo3_CALayer";
			};
			name = Release;
		};
/* End XCBuildConfiguration section */

/* Begin XCConfigurationList section */
		8576C5CB1BE88C140047A4CE /* Build configuration list for PBXProject "Demo3_CALayer" */ = {
			isa = XCConfigurationList;
			buildConfigurations = (
				8576C5F11BE88C140047A4CE /* Debug */,
				8576C5F21BE88C140047A4CE /* Release */,
			);
			defaultConfigurationIsVisible = 0;
			defaultConfigurationName = Release;
		};
		8576C5F31BE88C140047A4CE /* Build configuration list for PBXNativeTarget "Demo3_CALayer" */ = {
			isa = XCConfigurationList;
			buildConfigurations = (
				8576C5F41BE88C140047A4CE /* Debug */,
				8576C5F51BE88C140047A4CE /* Release */,
			);
			defaultConfigurationIsVisible = 0;
			defaultConfigurationName = Release;
		};
		8576C5F61BE88C140047A4CE /* Build configuration list for PBXNativeTarget "Demo3_CALayerTests" */ = {
			isa = XCConfigurationList;
			buildConfigurations = (
				8576C5F71BE88C140047A4CE /* Debug */,
				8576C5F81BE88C140047A4CE /* Release */,
			);
			defaultConfigurationIsVisible = 0;
			defaultConfigurationName = Release;
		};
/* End XCConfigurationList section */
	};
	rootObject = 8576C5C81BE88C140047A4CE /* Project object */;
}
