// !$*UTF8*$!
{
	archiveVersion = 1;
	classes = {
	};
	objectVersion = 46;
	objects = {

/* Begin PBXBuildFile section */
		857DD9591BD5DD3D006600E5 /* main.m in Sources */ = {isa = PBXBuildFile; fileRef = 857DD9581BD5DD3D006600E5 /* main.m */; };
		857DD95C1BD5DD3D006600E5 /* AppDelegate.m in Sources */ = {isa = PBXBuildFile; fileRef = 857DD95B1BD5DD3D006600E5 /* AppDelegate.m */; };
		857DD9641BD5DD3D006600E5 /* Images.xcassets in Resources */ = {isa = PBXBuildFile; fileRef = 857DD9631BD5DD3D006600E5 /* Images.xcassets */; };
		857DD9671BD5DD3D006600E5 /* LaunchScreen.xib in Resources */ = {isa = PBXBuildFile; fileRef = 857DD9651BD5DD3D006600E5 /* LaunchScreen.xib */; };
		857DD9731BD5DD3D006600E5 /* Demo2________Tests.m in Sources */ = {isa = PBXBuildFile; fileRef = 857DD9721BD5DD3D006600E5 /* Demo2________Tests.m */; };
		857DD97E1BD5DD6F006600E5 /* City.m in Sources */ = {isa = PBXBuildFile; fileRef = 857DD97D1BD5DD6F006600E5 /* City.m */; };
		857DD9821BD5DD9E006600E5 /* CityTableViewController.m in Sources */ = {isa = PBXBuildFile; fileRef = 857DD9801BD5DD9E006600E5 /* CityTableViewController.m */; };
		857DD9831BD5DD9E006600E5 /* CityTableViewController.xib in Resources */ = {isa = PBXBuildFile; fileRef = 857DD9811BD5DD9E006600E5 /* CityTableViewController.xib */; };
/* End PBXBuildFile section */

/* Begin PBXContainerItemProxy section */
		857DD96D1BD5DD3D006600E5 /* PBXContainerItemProxy */ = {
			isa = PBXContainerItemProxy;
			containerPortal = 857DD94B1BD5DD3D006600E5 /* Project object */;
			proxyType = 1;
			remoteGlobalIDString = 857DD9521BD5DD3D006600E5;
			remoteInfo = "Demo2_表格的编辑模式";
		};
/* End PBXContainerItemProxy section */

/* Begin PBXFileReference section */
		857DD9531BD5DD3D006600E5 /* Demo2_表格的编辑模式.app */ = {isa = PBXFileReference; explicitFileType = wrapper.application; includeInIndex = 0; path = "Demo2_表格的编辑模式.app"; sourceTree = BUILT_PRODUCTS_DIR; };
		857DD9571BD5DD3D006600E5 /* Info.plist */ = {isa = PBXFileReference; lastKnownFileType = text.plist.xml; path = Info.plist; sourceTree = "<group>"; };
		857DD9581BD5DD3D006600E5 /* main.m */ = {isa = PBXFileReference; lastKnownFileType = sourcecode.c.objc; path = main.m; sourceTree = "<group>"; };
		857DD95A1BD5DD3D006600E5 /* AppDelegate.h */ = {isa = PBXFileReference; lastKnownFileType = sourcecode.c.h; path = AppDelegate.h; sourceTree = "<group>"; };
		857DD95B1BD5DD3D006600E5 /* AppDelegate.m */ = {isa = PBXFileReference; lastKnownFileType = sourcecode.c.objc; path = AppDelegate.m; sourceTree = "<group>"; };
		857DD9631BD5DD3D006600E5 /* Images.xcassets */ = {isa = PBXFileReference; lastKnownFileType = folder.assetcatalog; path = Images.xcassets; sourceTree = "<group>"; };
		857DD9661BD5DD3D006600E5 /* Base */ = {isa = PBXFileReference; lastKnownFileType = file.xib; name = Base; path = Base.lproj/LaunchScreen.xib; sourceTree = "<group>"; };
		857DD96C1BD5DD3D006600E5 /* Demo2_表格的编辑模式Tests.xctest */ = {isa = PBXFileReference; explicitFileType = wrapper.cfbundle; includeInIndex = 0; path = "Demo2_表格的编辑模式Tests.xctest"; sourceTree = BUILT_PRODUCTS_DIR; };
		857DD9711BD5DD3D006600E5 /* Info.plist */ = {isa = PBXFileReference; lastKnownFileType = text.plist.xml; path = Info.plist; sourceTree = "<group>"; };
		857DD9721BD5DD3D006600E5 /* Demo2________Tests.m */ = {isa = PBXFileReference; lastKnownFileType = sourcecode.c.objc; path = "Demo2________Tests.m"; sourceTree = "<group>"; };
		857DD97C1BD5DD6F006600E5 /* City.h */ = {isa = PBXFileReference; fileEncoding = 4; lastKnownFileType = sourcecode.c.h; path = City.h; sourceTree = "<group>"; };
		857DD97D1BD5DD6F006600E5 /* City.m */ = {isa = PBXFileReference; fileEncoding = 4; lastKnownFileType = sourcecode.c.objc; path = City.m; sourceTree = "<group>"; };
		857DD97F1BD5DD9E006600E5 /* CityTableViewController.h */ = {isa = PBXFileReference; fileEncoding = 4; lastKnownFileType = sourcecode.c.h; path = CityTableViewController.h; sourceTree = "<group>"; };
		857DD9801BD5DD9E006600E5 /* CityTableViewController.m */ = {isa = PBXFileReference; fileEncoding = 4; lastKnownFileType = sourcecode.c.objc; path = CityTableViewController.m; sourceTree = "<group>"; };
		857DD9811BD5DD9E006600E5 /* CityTableViewController.xib */ = {isa = PBXFileReference; fileEncoding = 4; lastKnownFileType = file.xib; path = CityTableViewController.xib; sourceTree = "<group>"; };
/* End PBXFileReference section */

/* Begin PBXFrameworksBuildPhase section */
		857DD9501BD5DD3D006600E5 /* Frameworks */ = {
			isa = PBXFrameworksBuildPhase;
			buildActionMask = 2147483647;
			files = (
			);
			runOnlyForDeploymentPostprocessing = 0;
		};
		857DD9691BD5DD3D006600E5 /* Frameworks */ = {
			isa = PBXFrameworksBuildPhase;
			buildActionMask = 2147483647;
			files = (
			);
			runOnlyForDeploymentPostprocessing = 0;
		};
/* End PBXFrameworksBuildPhase section */

/* Begin PBXGroup section */
		857DD94A1BD5DD3D006600E5 = {
			isa = PBXGroup;
			children = (
				857DD9551BD5DD3D006600E5 /* Demo2_表格的编辑模式 */,
				857DD96F1BD5DD3D006600E5 /* Demo2_表格的编辑模式Tests */,
				857DD9541BD5DD3D006600E5 /* Products */,
			);
			sourceTree = "<group>";
		};
		857DD9541BD5DD3D006600E5 /* Products */ = {
			isa = PBXGroup;
			children = (
				857DD9531BD5DD3D006600E5 /* Demo2_表格的编辑模式.app */,
				857DD96C1BD5DD3D006600E5 /* Demo2_表格的编辑模式Tests.xctest */,
			);
			name = Products;
			sourceTree = "<group>";
		};
		857DD9551BD5DD3D006600E5 /* Demo2_表格的编辑模式 */ = {
			isa = PBXGroup;
			children = (
				857DD95A1BD5DD3D006600E5 /* AppDelegate.h */,
				857DD95B1BD5DD3D006600E5 /* AppDelegate.m */,
				857DD97F1BD5DD9E006600E5 /* CityTableViewController.h */,
				857DD9801BD5DD9E006600E5 /* CityTableViewController.m */,
				857DD9811BD5DD9E006600E5 /* CityTableViewController.xib */,
				857DD97C1BD5DD6F006600E5 /* City.h */,
				857DD97D1BD5DD6F006600E5 /* City.m */,
				857DD9631BD5DD3D006600E5 /* Images.xcassets */,
				857DD9651BD5DD3D006600E5 /* LaunchScreen.xib */,
				857DD9561BD5DD3D006600E5 /* Supporting Files */,
			);
			path = "Demo2_表格的编辑模式";
			sourceTree = "<group>";
		};
		857DD9561BD5DD3D006600E5 /* Supporting Files */ = {
			isa = PBXGroup;
			children = (
				857DD9571BD5DD3D006600E5 /* Info.plist */,
				857DD9581BD5DD3D006600E5 /* main.m */,
			);
			name = "Supporting Files";
			sourceTree = "<group>";
		};
		857DD96F1BD5DD3D006600E5 /* Demo2_表格的编辑模式Tests */ = {
			isa = PBXGroup;
			children = (
				857DD9721BD5DD3D006600E5 /* Demo2________Tests.m */,
				857DD9701BD5DD3D006600E5 /* Supporting Files */,
			);
			path = "Demo2_表格的编辑模式Tests";
			sourceTree = "<group>";
		};
		857DD9701BD5DD3D006600E5 /* Supporting Files */ = {
			isa = PBXGroup;
			children = (
				857DD9711BD5DD3D006600E5 /* Info.plist */,
			);
			name = "Supporting Files";
			sourceTree = "<group>";
		};
/* End PBXGroup section */

/* Begin PBXNativeTarget section */
		857DD9521BD5DD3D006600E5 /* Demo2_表格的编辑模式 */ = {
			isa = PBXNativeTarget;
			buildConfigurationList = 857DD9761BD5DD3D006600E5 /* Build configuration list for PBXNativeTarget "Demo2_表格的编辑模式" */;
			buildPhases = (
				857DD94F1BD5DD3D006600E5 /* Sources */,
				857DD9501BD5DD3D006600E5 /* Frameworks */,
				857DD9511BD5DD3D006600E5 /* Resources */,
			);
			buildRules = (
			);
			dependencies = (
			);
			name = "Demo2_表格的编辑模式";
			productName = "Demo2_表格的编辑模式";
			productReference = 857DD9531BD5DD3D006600E5 /* Demo2_表格的编辑模式.app */;
			productType = "com.apple.product-type.application";
		};
		857DD96B1BD5DD3D006600E5 /* Demo2_表格的编辑模式Tests */ = {
			isa = PBXNativeTarget;
			buildConfigurationList = 857DD9791BD5DD3D006600E5 /* Build configuration list for PBXNativeTarget "Demo2_表格的编辑模式Tests" */;
			buildPhases = (
				857DD9681BD5DD3D006600E5 /* Sources */,
				857DD9691BD5DD3D006600E5 /* Frameworks */,
				857DD96A1BD5DD3D006600E5 /* Resources */,
			);
			buildRules = (
			);
			dependencies = (
				857DD96E1BD5DD3D006600E5 /* PBXTargetDependency */,
			);
			name = "Demo2_表格的编辑模式Tests";
			productName = "Demo2_表格的编辑模式Tests";
			productReference = 857DD96C1BD5DD3D006600E5 /* Demo2_表格的编辑模式Tests.xctest */;
			productType = "com.apple.product-type.bundle.unit-test";
		};
/* End PBXNativeTarget section */

/* Begin PBXProject section */
		857DD94B1BD5DD3D006600E5 /* Project object */ = {
			isa = PBXProject;
			attributes = {
				LastUpgradeCheck = 0630;
				ORGANIZATIONNAME = tarena;
				TargetAttributes = {
					857DD9521BD5DD3D006600E5 = {
						CreatedOnToolsVersion = 6.3.1;
					};
					857DD96B1BD5DD3D006600E5 = {
						CreatedOnToolsVersion = 6.3.1;
						TestTargetID = 857DD9521BD5DD3D006600E5;
					};
				};
			};
			buildConfigurationList = 857DD94E1BD5DD3D006600E5 /* Build configuration list for PBXProject "Demo2_表格的编辑模式" */;
			compatibilityVersion = "Xcode 3.2";
			developmentRegion = English;
			hasScannedForEncodings = 0;
			knownRegions = (
				en,
				Base,
			);
			mainGroup = 857DD94A1BD5DD3D006600E5;
			productRefGroup = 857DD9541BD5DD3D006600E5 /* Products */;
			projectDirPath = "";
			projectRoot = "";
			targets = (
				857DD9521BD5DD3D006600E5 /* Demo2_表格的编辑模式 */,
				857DD96B1BD5DD3D006600E5 /* Demo2_表格的编辑模式Tests */,
			);
		};
/* End PBXProject section */

/* Begin PBXResourcesBuildPhase section */
		857DD9511BD5DD3D006600E5 /* Resources */ = {
			isa = PBXResourcesBuildPhase;
			buildActionMask = 2147483647;
			files = (
				857DD9671BD5DD3D006600E5 /* LaunchScreen.xib in Resources */,
				857DD9831BD5DD9E006600E5 /* CityTableViewController.xib in Resources */,
				857DD9641BD5DD3D006600E5 /* Images.xcassets in Resources */,
			);
			runOnlyForDeploymentPostprocessing = 0;
		};
		857DD96A1BD5DD3D006600E5 /* Resources */ = {
			isa = PBXResourcesBuildPhase;
			buildActionMask = 2147483647;
			files = (
			);
			runOnlyForDeploymentPostprocessing = 0;
		};
/* End PBXResourcesBuildPhase section */

/* Begin PBXSourcesBuildPhase section */
		857DD94F1BD5DD3D006600E5 /* Sources */ = {
			isa = PBXSourcesBuildPhase;
			buildActionMask = 2147483647;
			files = (
				857DD9821BD5DD9E006600E5 /* CityTableViewController.m in Sources */,
				857DD95C1BD5DD3D006600E5 /* AppDelegate.m in Sources */,
				857DD9591BD5DD3D006600E5 /* main.m in Sources */,
				857DD97E1BD5DD6F006600E5 /* City.m in Sources */,
			);
			runOnlyForDeploymentPostprocessing = 0;
		};
		857DD9681BD5DD3D006600E5 /* Sources */ = {
			isa = PBXSourcesBuildPhase;
			buildActionMask = 2147483647;
			files = (
				857DD9731BD5DD3D006600E5 /* Demo2________Tests.m in Sources */,
			);
			runOnlyForDeploymentPostprocessing = 0;
		};
/* End PBXSourcesBuildPhase section */

/* Begin PBXTargetDependency section */
		857DD96E1BD5DD3D006600E5 /* PBXTargetDependency */ = {
			isa = PBXTargetDependency;
			target = 857DD9521BD5DD3D006600E5 /* Demo2_表格的编辑模式 */;
			targetProxy = 857DD96D1BD5DD3D006600E5 /* PBXContainerItemProxy */;
		};
/* End PBXTargetDependency section */

/* Begin PBXVariantGroup section */
		857DD9651BD5DD3D006600E5 /* LaunchScreen.xib */ = {
			isa = PBXVariantGroup;
			children = (
				857DD9661BD5DD3D006600E5 /* Base */,
			);
			name = LaunchScreen.xib;
			sourceTree = "<group>";
		};
/* End PBXVariantGroup section */

/* Begin XCBuildConfiguration section */
		857DD9741BD5DD3D006600E5 /* Debug */ = {
			isa = XCBuildConfiguration;
			buildSettings = {
				ALWAYS_SEARCH_USER_PATHS = NO;
				CLANG_CXX_LANGUAGE_STANDARD = "gnu++0x";
				CLANG_CXX_LIBRARY = "libc++";
				CLANG_ENABLE_MODULES = YES;
				CLANG_ENABLE_OBJC_ARC = YES;
				CLANG_WARN_BOOL_CONVERSION = YES;
				CLANG_WARN_CONSTANT_CONVERSION = YES;
				CLANG_WARN_DIRECT_OBJC_ISA_USAGE = YES_ERROR;
				CLANG_WARN_EMPTY_BODY = YES;
				CLANG_WARN_ENUM_CONVERSION = YES;
				CLANG_WARN_INT_CONVERSION = YES;
				CLANG_WARN_OBJC_ROOT_CLASS = YES_ERROR;
				CLANG_WARN_UNREACHABLE_CODE = YES;
				CLANG_WARN__DUPLICATE_METHOD_MATCH = YES;
				"CODE_SIGN_IDENTITY[sdk=iphoneos*]" = "iPhone Developer";
				COPY_PHASE_STRIP = NO;
				DEBUG_INFORMATION_FORMAT = "dwarf-with-dsym";
				ENABLE_STRICT_OBJC_MSGSEND = YES;
				GCC_C_LANGUAGE_STANDARD = gnu99;
				GCC_DYNAMIC_NO_PIC = NO;
				GCC_NO_COMMON_BLOCKS = YES;
				GCC_OPTIMIZATION_LEVEL = 0;
				GCC_PREPROCESSOR_DEFINITIONS = (
					"DEBUG=1",
					"$(inherited)",
				);
				GCC_SYMBOLS_PRIVATE_EXTERN = NO;
				GCC_WARN_64_TO_32_BIT_CONVERSION = YES;
				GCC_WARN_ABOUT_RETURN_TYPE = YES_ERROR;
				GCC_WARN_UNDECLARED_SELECTOR = YES;
				GCC_WARN_UNINITIALIZED_AUTOS = YES_AGGRESSIVE;
				GCC_WARN_UNUSED_FUNCTION = YES;
				GCC_WARN_UNUSED_VARIABLE = YES;
				IPHONEOS_DEPLOYMENT_TARGET = 8.3;
				MTL_ENABLE_DEBUG_INFO = YES;
				ONLY_ACTIVE_ARCH = YES;
				SDKROOT = iphoneos;
			};
			name = Debug;
		};
		857DD9751BD5DD3D006600E5 /* Release */ = {
			isa = XCBuildConfiguration;
			buildSettings = {
				ALWAYS_SEARCH_USER_PATHS = NO;
				CLANG_CXX_LANGUAGE_STANDARD = "gnu++0x";
				CLANG_CXX_LIBRARY = "libc++";
				CLANG_ENABLE_MODULES = YES;
				CLANG_ENABLE_OBJC_ARC = YES;
				CLANG_WARN_BOOL_CONVERSION = YES;
				CLANG_WARN_CONSTANT_CONVERSION = YES;
				CLANG_WARN_DIRECT_OBJC_ISA_USAGE = YES_ERROR;
				CLANG_WARN_EMPTY_BODY = YES;
				CLANG_WARN_ENUM_CONVERSION = YES;
				CLANG_WARN_INT_CONVERSION = YES;
				CLANG_WARN_OBJC_ROOT_CLASS = YES_ERROR;
				CLANG_WARN_UNREACHABLE_CODE = YES;
				CLANG_WARN__DUPLICATE_METHOD_MATCH = YES;
				"CODE_SIGN_IDENTITY[sdk=iphoneos*]" = "iPhone Developer";
				COPY_PHASE_STRIP = NO;
				DEBUG_INFORMATION_FORMAT = "dwarf-with-dsym";
				ENABLE_NS_ASSERTIONS = NO;
				ENABLE_STRICT_OBJC_MSGSEND = YES;
				GCC_C_LANGUAGE_STANDARD = gnu99;
				GCC_NO_COMMON_BLOCKS = YES;
				GCC_WARN_64_TO_32_BIT_CONVERSION = YES;
				GCC_WARN_ABOUT_RETURN_TYPE = YES_ERROR;
				GCC_WARN_UNDECLARED_SELECTOR = YES;
				GCC_WARN_UNINITIALIZED_AUTOS = YES_AGGRESSIVE;
				GCC_WARN_UNUSED_FUNCTION = YES;
				GCC_WARN_UNUSED_VARIABLE = YES;
				IPHONEOS_DEPLOYMENT_TARGET = 8.3;
				MTL_ENABLE_DEBUG_INFO = NO;
				SDKROOT = iphoneos;
				VALIDATE_PRODUCT = YES;
			};
			name = Release;
		};
		857DD9771BD5DD3D006600E5 /* Debug */ = {
			isa = XCBuildConfiguration;
			buildSettings = {
				ASSETCATALOG_COMPILER_APPICON_NAME = AppIcon;
				INFOPLIST_FILE = "Demo2_表格的编辑模式/Info.plist";
				LD_RUNPATH_SEARCH_PATHS = "$(inherited) @executable_path/Frameworks";
				PRODUCT_NAME = "$(TARGET_NAME)";
			};
			name = Debug;
		};
		857DD9781BD5DD3D006600E5 /* Release */ = {
			isa = XCBuildConfiguration;
			buildSettings = {
				ASSETCATALOG_COMPILER_APPICON_NAME = AppIcon;
				INFOPLIST_FILE = "Demo2_表格的编辑模式/Info.plist";
				LD_RUNPATH_SEARCH_PATHS = "$(inherited) @executable_path/Frameworks";
				PRODUCT_NAME = "$(TARGET_NAME)";
			};
			name = Release;
		};
		857DD97A1BD5DD3D006600E5 /* Debug */ = {
			isa = XCBuildConfiguration;
			buildSettings = {
				BUNDLE_LOADER = "$(TEST_HOST)";
				FRAMEWORK_SEARCH_PATHS = (
					"$(SDKROOT)/Developer/Library/Frameworks",
					"$(inherited)",
				);
				GCC_PREPROCESSOR_DEFINITIONS = (
					"DEBUG=1",
					"$(inherited)",
				);
				INFOPLIST_FILE = "Demo2_表格的编辑模式Tests/Info.plist";
				LD_RUNPATH_SEARCH_PATHS = "$(inherited) @executable_path/Frameworks @loader_path/Frameworks";
				PRODUCT_NAME = "$(TARGET_NAME)";
				TEST_HOST = "$(BUILT_PRODUCTS_DIR)/Demo2_表格的编辑模式.app/Demo2_表格的编辑模式";
			};
			name = Debug;
		};
		857DD97B1BD5DD3D006600E5 /* Release */ = {
			isa = XCBuildConfiguration;
			buildSettings = {
				BUNDLE_LOADER = "$(TEST_HOST)";
				FRAMEWORK_SEARCH_PATHS = (
					"$(SDKROOT)/Developer/Library/Frameworks",
					"$(inherited)",
				);
				INFOPLIST_FILE = "Demo2_表格的编辑模式Tests/Info.plist";
				LD_RUNPATH_SEARCH_PATHS = "$(inherited) @executable_path/Frameworks @loader_path/Frameworks";
				PRODUCT_NAME = "$(TARGET_NAME)";
				TEST_HOST = "$(BUILT_PRODUCTS_DIR)/Demo2_表格的编辑模式.app/Demo2_表格的编辑模式";
			};
			name = Release;
		};
/* End XCBuildConfiguration section */

/* Begin XCConfigurationList section */
		857DD94E1BD5DD3D006600E5 /* Build configuration list for PBXProject "Demo2_表格的编辑模式" */ = {
			isa = XCConfigurationList;
			buildConfigurations = (
				857DD9741BD5DD3D006600E5 /* Debug */,
				857DD9751BD5DD3D006600E5 /* Release */,
			);
			defaultConfigurationIsVisible = 0;
			defaultConfigurationName = Release;
		};
		857DD9761BD5DD3D006600E5 /* Build configuration list for PBXNativeTarget "Demo2_表格的编辑模式" */ = {
			isa = XCConfigurationList;
			buildConfigurations = (
				857DD9771BD5DD3D006600E5 /* Debug */,
				857DD9781BD5DD3D006600E5 /* Release */,
			);
			defaultConfigurationIsVisible = 0;
		};
		857DD9791BD5DD3D006600E5 /* Build configuration list for PBXNativeTarget "Demo2_表格的编辑模式Tests" */ = {
			isa = XCConfigurationList;
			buildConfigurations = (
				857DD97A1BD5DD3D006600E5 /* Debug */,
				857DD97B1BD5DD3D006600E5 /* Release */,
			);
			defaultConfigurationIsVisible = 0;
		};
/* End XCConfigurationList section */
	};
	rootObject = 857DD94B1BD5DD3D006600E5 /* Project object */;
}
