// !$*UTF8*$!
{
	archiveVersion = 1;
	classes = {
	};
	objectVersion = 46;
	objects = {

/* Begin PBXBuildFile section */
		85A632671BF07F5B00AA534A /* main.m in Sources */ = {isa = PBXBuildFile; fileRef = 85A632661BF07F5B00AA534A /* main.m */; };
		85A6326A1BF07F5B00AA534A /* AppDelegate.m in Sources */ = {isa = PBXBuildFile; fileRef = 85A632691BF07F5B00AA534A /* AppDelegate.m */; };
		85A6326D1BF07F5B00AA534A /* ViewController.m in Sources */ = {isa = PBXBuildFile; fileRef = 85A6326C1BF07F5B00AA534A /* ViewController.m */; };
		85A632701BF07F5B00AA534A /* Main.storyboard in Resources */ = {isa = PBXBuildFile; fileRef = 85A6326E1BF07F5B00AA534A /* Main.storyboard */; };
		85A632721BF07F5B00AA534A /* Images.xcassets in Resources */ = {isa = PBXBuildFile; fileRef = 85A632711BF07F5B00AA534A /* Images.xcassets */; };
		85A632751BF07F5B00AA534A /* LaunchScreen.xib in Resources */ = {isa = PBXBuildFile; fileRef = 85A632731BF07F5B00AA534A /* LaunchScreen.xib */; };
		85A632811BF07F5B00AA534A /* Demo03_GCD_DownloadTests.m in Sources */ = {isa = PBXBuildFile; fileRef = 85A632801BF07F5B00AA534A /* Demo03_GCD_DownloadTests.m */; };
/* End PBXBuildFile section */

/* Begin PBXContainerItemProxy section */
		85A6327B1BF07F5B00AA534A /* PBXContainerItemProxy */ = {
			isa = PBXContainerItemProxy;
			containerPortal = 85A632591BF07F5B00AA534A /* Project object */;
			proxyType = 1;
			remoteGlobalIDString = 85A632601BF07F5B00AA534A;
			remoteInfo = "Demo03-GCD-Download";
		};
/* End PBXContainerItemProxy section */

/* Begin PBXFileReference section */
		85A632611BF07F5B00AA534A /* Demo03-GCD-Download.app */ = {isa = PBXFileReference; explicitFileType = wrapper.application; includeInIndex = 0; path = "Demo03-GCD-Download.app"; sourceTree = BUILT_PRODUCTS_DIR; };
		85A632651BF07F5B00AA534A /* Info.plist */ = {isa = PBXFileReference; lastKnownFileType = text.plist.xml; path = Info.plist; sourceTree = "<group>"; };
		85A632661BF07F5B00AA534A /* main.m */ = {isa = PBXFileReference; lastKnownFileType = sourcecode.c.objc; path = main.m; sourceTree = "<group>"; };
		85A632681BF07F5B00AA534A /* AppDelegate.h */ = {isa = PBXFileReference; lastKnownFileType = sourcecode.c.h; path = AppDelegate.h; sourceTree = "<group>"; };
		85A632691BF07F5B00AA534A /* AppDelegate.m */ = {isa = PBXFileReference; lastKnownFileType = sourcecode.c.objc; path = AppDelegate.m; sourceTree = "<group>"; };
		85A6326B1BF07F5B00AA534A /* ViewController.h */ = {isa = PBXFileReference; lastKnownFileType = sourcecode.c.h; path = ViewController.h; sourceTree = "<group>"; };
		85A6326C1BF07F5B00AA534A /* ViewController.m */ = {isa = PBXFileReference; lastKnownFileType = sourcecode.c.objc; path = ViewController.m; sourceTree = "<group>"; };
		85A6326F1BF07F5B00AA534A /* Base */ = {isa = PBXFileReference; lastKnownFileType = file.storyboard; name = Base; path = Base.lproj/Main.storyboard; sourceTree = "<group>"; };
		85A632711BF07F5B00AA534A /* Images.xcassets */ = {isa = PBXFileReference; lastKnownFileType = folder.assetcatalog; path = Images.xcassets; sourceTree = "<group>"; };
		85A632741BF07F5B00AA534A /* Base */ = {isa = PBXFileReference; lastKnownFileType = file.xib; name = Base; path = Base.lproj/LaunchScreen.xib; sourceTree = "<group>"; };
		85A6327A1BF07F5B00AA534A /* Demo03-GCD-DownloadTests.xctest */ = {isa = PBXFileReference; explicitFileType = wrapper.cfbundle; includeInIndex = 0; path = "Demo03-GCD-DownloadTests.xctest"; sourceTree = BUILT_PRODUCTS_DIR; };
		85A6327F1BF07F5B00AA534A /* Info.plist */ = {isa = PBXFileReference; lastKnownFileType = text.plist.xml; path = Info.plist; sourceTree = "<group>"; };
		85A632801BF07F5B00AA534A /* Demo03_GCD_DownloadTests.m */ = {isa = PBXFileReference; lastKnownFileType = sourcecode.c.objc; path = Demo03_GCD_DownloadTests.m; sourceTree = "<group>"; };
/* End PBXFileReference section */

/* Begin PBXFrameworksBuildPhase section */
		85A6325E1BF07F5B00AA534A /* Frameworks */ = {
			isa = PBXFrameworksBuildPhase;
			buildActionMask = 2147483647;
			files = (
			);
			runOnlyForDeploymentPostprocessing = 0;
		};
		85A632771BF07F5B00AA534A /* Frameworks */ = {
			isa = PBXFrameworksBuildPhase;
			buildActionMask = 2147483647;
			files = (
			);
			runOnlyForDeploymentPostprocessing = 0;
		};
/* End PBXFrameworksBuildPhase section */

/* Begin PBXGroup section */
		85A632581BF07F5B00AA534A = {
			isa = PBXGroup;
			children = (
				85A632631BF07F5B00AA534A /* Demo03-GCD-Download */,
				85A6327D1BF07F5B00AA534A /* Demo03-GCD-DownloadTests */,
				85A632621BF07F5B00AA534A /* Products */,
			);
			sourceTree = "<group>";
		};
		85A632621BF07F5B00AA534A /* Products */ = {
			isa = PBXGroup;
			children = (
				85A632611BF07F5B00AA534A /* Demo03-GCD-Download.app */,
				85A6327A1BF07F5B00AA534A /* Demo03-GCD-DownloadTests.xctest */,
			);
			name = Products;
			sourceTree = "<group>";
		};
		85A632631BF07F5B00AA534A /* Demo03-GCD-Download */ = {
			isa = PBXGroup;
			children = (
				85A632681BF07F5B00AA534A /* AppDelegate.h */,
				85A632691BF07F5B00AA534A /* AppDelegate.m */,
				85A6326B1BF07F5B00AA534A /* ViewController.h */,
				85A6326C1BF07F5B00AA534A /* ViewController.m */,
				85A6326E1BF07F5B00AA534A /* Main.storyboard */,
				85A632711BF07F5B00AA534A /* Images.xcassets */,
				85A632731BF07F5B00AA534A /* LaunchScreen.xib */,
				85A632641BF07F5B00AA534A /* Supporting Files */,
			);
			path = "Demo03-GCD-Download";
			sourceTree = "<group>";
		};
		85A632641BF07F5B00AA534A /* Supporting Files */ = {
			isa = PBXGroup;
			children = (
				85A632651BF07F5B00AA534A /* Info.plist */,
				85A632661BF07F5B00AA534A /* main.m */,
			);
			name = "Supporting Files";
			sourceTree = "<group>";
		};
		85A6327D1BF07F5B00AA534A /* Demo03-GCD-DownloadTests */ = {
			isa = PBXGroup;
			children = (
				85A632801BF07F5B00AA534A /* Demo03_GCD_DownloadTests.m */,
				85A6327E1BF07F5B00AA534A /* Supporting Files */,
			);
			path = "Demo03-GCD-DownloadTests";
			sourceTree = "<group>";
		};
		85A6327E1BF07F5B00AA534A /* Supporting Files */ = {
			isa = PBXGroup;
			children = (
				85A6327F1BF07F5B00AA534A /* Info.plist */,
			);
			name = "Supporting Files";
			sourceTree = "<group>";
		};
/* End PBXGroup section */

/* Begin PBXNativeTarget section */
		85A632601BF07F5B00AA534A /* Demo03-GCD-Download */ = {
			isa = PBXNativeTarget;
			buildConfigurationList = 85A632841BF07F5B00AA534A /* Build configuration list for PBXNativeTarget "Demo03-GCD-Download" */;
			buildPhases = (
				85A6325D1BF07F5B00AA534A /* Sources */,
				85A6325E1BF07F5B00AA534A /* Frameworks */,
				85A6325F1BF07F5B00AA534A /* Resources */,
			);
			buildRules = (
			);
			dependencies = (
			);
			name = "Demo03-GCD-Download";
			productName = "Demo03-GCD-Download";
			productReference = 85A632611BF07F5B00AA534A /* Demo03-GCD-Download.app */;
			productType = "com.apple.product-type.application";
		};
		85A632791BF07F5B00AA534A /* Demo03-GCD-DownloadTests */ = {
			isa = PBXNativeTarget;
			buildConfigurationList = 85A632871BF07F5B00AA534A /* Build configuration list for PBXNativeTarget "Demo03-GCD-DownloadTests" */;
			buildPhases = (
				85A632761BF07F5B00AA534A /* Sources */,
				85A632771BF07F5B00AA534A /* Frameworks */,
				85A632781BF07F5B00AA534A /* Resources */,
			);
			buildRules = (
			);
			dependencies = (
				85A6327C1BF07F5B00AA534A /* PBXTargetDependency */,
			);
			name = "Demo03-GCD-DownloadTests";
			productName = "Demo03-GCD-DownloadTests";
			productReference = 85A6327A1BF07F5B00AA534A /* Demo03-GCD-DownloadTests.xctest */;
			productType = "com.apple.product-type.bundle.unit-test";
		};
/* End PBXNativeTarget section */

/* Begin PBXProject section */
		85A632591BF07F5B00AA534A /* Project object */ = {
			isa = PBXProject;
			attributes = {
				LastUpgradeCheck = 0630;
				ORGANIZATIONNAME = tarena;
				TargetAttributes = {
					85A632601BF07F5B00AA534A = {
						CreatedOnToolsVersion = 6.3.1;
					};
					85A632791BF07F5B00AA534A = {
						CreatedOnToolsVersion = 6.3.1;
						TestTargetID = 85A632601BF07F5B00AA534A;
					};
				};
			};
			buildConfigurationList = 85A6325C1BF07F5B00AA534A /* Build configuration list for PBXProject "Demo03-GCD-Download" */;
			compatibilityVersion = "Xcode 3.2";
			developmentRegion = English;
			hasScannedForEncodings = 0;
			knownRegions = (
				en,
				Base,
			);
			mainGroup = 85A632581BF07F5B00AA534A;
			productRefGroup = 85A632621BF07F5B00AA534A /* Products */;
			projectDirPath = "";
			projectRoot = "";
			targets = (
				85A632601BF07F5B00AA534A /* Demo03-GCD-Download */,
				85A632791BF07F5B00AA534A /* Demo03-GCD-DownloadTests */,
			);
		};
/* End PBXProject section */

/* Begin PBXResourcesBuildPhase section */
		85A6325F1BF07F5B00AA534A /* Resources */ = {
			isa = PBXResourcesBuildPhase;
			buildActionMask = 2147483647;
			files = (
				85A632701BF07F5B00AA534A /* Main.storyboard in Resources */,
				85A632751BF07F5B00AA534A /* LaunchScreen.xib in Resources */,
				85A632721BF07F5B00AA534A /* Images.xcassets in Resources */,
			);
			runOnlyForDeploymentPostprocessing = 0;
		};
		85A632781BF07F5B00AA534A /* Resources */ = {
			isa = PBXResourcesBuildPhase;
			buildActionMask = 2147483647;
			files = (
			);
			runOnlyForDeploymentPostprocessing = 0;
		};
/* End PBXResourcesBuildPhase section */

/* Begin PBXSourcesBuildPhase section */
		85A6325D1BF07F5B00AA534A /* Sources */ = {
			isa = PBXSourcesBuildPhase;
			buildActionMask = 2147483647;
			files = (
				85A6326D1BF07F5B00AA534A /* ViewController.m in Sources */,
				85A6326A1BF07F5B00AA534A /* AppDelegate.m in Sources */,
				85A632671BF07F5B00AA534A /* main.m in Sources */,
			);
			runOnlyForDeploymentPostprocessing = 0;
		};
		85A632761BF07F5B00AA534A /* Sources */ = {
			isa = PBXSourcesBuildPhase;
			buildActionMask = 2147483647;
			files = (
				85A632811BF07F5B00AA534A /* Demo03_GCD_DownloadTests.m in Sources */,
			);
			runOnlyForDeploymentPostprocessing = 0;
		};
/* End PBXSourcesBuildPhase section */

/* Begin PBXTargetDependency section */
		85A6327C1BF07F5B00AA534A /* PBXTargetDependency */ = {
			isa = PBXTargetDependency;
			target = 85A632601BF07F5B00AA534A /* Demo03-GCD-Download */;
			targetProxy = 85A6327B1BF07F5B00AA534A /* PBXContainerItemProxy */;
		};
/* End PBXTargetDependency section */

/* Begin PBXVariantGroup section */
		85A6326E1BF07F5B00AA534A /* Main.storyboard */ = {
			isa = PBXVariantGroup;
			children = (
				85A6326F1BF07F5B00AA534A /* Base */,
			);
			name = Main.storyboard;
			sourceTree = "<group>";
		};
		85A632731BF07F5B00AA534A /* LaunchScreen.xib */ = {
			isa = PBXVariantGroup;
			children = (
				85A632741BF07F5B00AA534A /* Base */,
			);
			name = LaunchScreen.xib;
			sourceTree = "<group>";
		};
/* End PBXVariantGroup section */

/* Begin XCBuildConfiguration section */
		85A632821BF07F5B00AA534A /* Debug */ = {
			isa = XCBuildConfiguration;
			buildSettings = {
				ALWAYS_SEARCH_USER_PATHS = NO;
				CLANG_CXX_LANGUAGE_STANDARD = "gnu++0x";
				CLANG_CXX_LIBRARY = "libc++";
				CLANG_ENABLE_MODULES = YES;
				CLANG_ENABLE_OBJC_ARC = YES;
				CLANG_WARN_BOOL_CONVERSION = YES;
				CLANG_WARN_CONSTANT_CONVERSION = YES;
				CLANG_WARN_DIRECT_OBJC_ISA_USAGE = YES_ERROR;
				CLANG_WARN_EMPTY_BODY = YES;
				CLANG_WARN_ENUM_CONVERSION = YES;
				CLANG_WARN_INT_CONVERSION = YES;
				CLANG_WARN_OBJC_ROOT_CLASS = YES_ERROR;
				CLANG_WARN_UNREACHABLE_CODE = YES;
				CLANG_WARN__DUPLICATE_METHOD_MATCH = YES;
				"CODE_SIGN_IDENTITY[sdk=iphoneos*]" = "iPhone Developer";
				COPY_PHASE_STRIP = NO;
				DEBUG_INFORMATION_FORMAT = "dwarf-with-dsym";
				ENABLE_STRICT_OBJC_MSGSEND = YES;
				GCC_C_LANGUAGE_STANDARD = gnu99;
				GCC_DYNAMIC_NO_PIC = NO;
				GCC_NO_COMMON_BLOCKS = YES;
				GCC_OPTIMIZATION_LEVEL = 0;
				GCC_PREPROCESSOR_DEFINITIONS = (
					"DEBUG=1",
					"$(inherited)",
				);
				GCC_SYMBOLS_PRIVATE_EXTERN = NO;
				GCC_WARN_64_TO_32_BIT_CONVERSION = YES;
				GCC_WARN_ABOUT_RETURN_TYPE = YES_ERROR;
				GCC_WARN_UNDECLARED_SELECTOR = YES;
				GCC_WARN_UNINITIALIZED_AUTOS = YES_AGGRESSIVE;
				GCC_WARN_UNUSED_FUNCTION = YES;
				GCC_WARN_UNUSED_VARIABLE = YES;
				IPHONEOS_DEPLOYMENT_TARGET = 8.3;
				MTL_ENABLE_DEBUG_INFO = YES;
				ONLY_ACTIVE_ARCH = YES;
				SDKROOT = iphoneos;
			};
			name = Debug;
		};
		85A632831BF07F5B00AA534A /* Release */ = {
			isa = XCBuildConfiguration;
			buildSettings = {
				ALWAYS_SEARCH_USER_PATHS = NO;
				CLANG_CXX_LANGUAGE_STANDARD = "gnu++0x";
				CLANG_CXX_LIBRARY = "libc++";
				CLANG_ENABLE_MODULES = YES;
				CLANG_ENABLE_OBJC_ARC = YES;
				CLANG_WARN_BOOL_CONVERSION = YES;
				CLANG_WARN_CONSTANT_CONVERSION = YES;
				CLANG_WARN_DIRECT_OBJC_ISA_USAGE = YES_ERROR;
				CLANG_WARN_EMPTY_BODY = YES;
				CLANG_WARN_ENUM_CONVERSION = YES;
				CLANG_WARN_INT_CONVERSION = YES;
				CLANG_WARN_OBJC_ROOT_CLASS = YES_ERROR;
				CLANG_WARN_UNREACHABLE_CODE = YES;
				CLANG_WARN__DUPLICATE_METHOD_MATCH = YES;
				"CODE_SIGN_IDENTITY[sdk=iphoneos*]" = "iPhone Developer";
				COPY_PHASE_STRIP = NO;
				DEBUG_INFORMATION_FORMAT = "dwarf-with-dsym";
				ENABLE_NS_ASSERTIONS = NO;
				ENABLE_STRICT_OBJC_MSGSEND = YES;
				GCC_C_LANGUAGE_STANDARD = gnu99;
				GCC_NO_COMMON_BLOCKS = YES;
				GCC_WARN_64_TO_32_BIT_CONVERSION = YES;
				GCC_WARN_ABOUT_RETURN_TYPE = YES_ERROR;
				GCC_WARN_UNDECLARED_SELECTOR = YES;
				GCC_WARN_UNINITIALIZED_AUTOS = YES_AGGRESSIVE;
				GCC_WARN_UNUSED_FUNCTION = YES;
				GCC_WARN_UNUSED_VARIABLE = YES;
				IPHONEOS_DEPLOYMENT_TARGET = 8.3;
				MTL_ENABLE_DEBUG_INFO = NO;
				SDKROOT = iphoneos;
				VALIDATE_PRODUCT = YES;
			};
			name = Release;
		};
		85A632851BF07F5B00AA534A /* Debug */ = {
			isa = XCBuildConfiguration;
			buildSettings = {
				ASSETCATALOG_COMPILER_APPICON_NAME = AppIcon;
				INFOPLIST_FILE = "Demo03-GCD-Download/Info.plist";
				LD_RUNPATH_SEARCH_PATHS = "$(inherited) @executable_path/Frameworks";
				PRODUCT_NAME = "$(TARGET_NAME)";
			};
			name = Debug;
		};
		85A632861BF07F5B00AA534A /* Release */ = {
			isa = XCBuildConfiguration;
			buildSettings = {
				ASSETCATALOG_COMPILER_APPICON_NAME = AppIcon;
				INFOPLIST_FILE = "Demo03-GCD-Download/Info.plist";
				LD_RUNPATH_SEARCH_PATHS = "$(inherited) @executable_path/Frameworks";
				PRODUCT_NAME = "$(TARGET_NAME)";
			};
			name = Release;
		};
		85A632881BF07F5B00AA534A /* Debug */ = {
			isa = XCBuildConfiguration;
			buildSettings = {
				BUNDLE_LOADER = "$(TEST_HOST)";
				FRAMEWORK_SEARCH_PATHS = (
					"$(SDKROOT)/Developer/Library/Frameworks",
					"$(inherited)",
				);
				GCC_PREPROCESSOR_DEFINITIONS = (
					"DEBUG=1",
					"$(inherited)",
				);
				INFOPLIST_FILE = "Demo03-GCD-DownloadTests/Info.plist";
				LD_RUNPATH_SEARCH_PATHS = "$(inherited) @executable_path/Frameworks @loader_path/Frameworks";
				PRODUCT_NAME = "$(TARGET_NAME)";
				TEST_HOST = "$(BUILT_PRODUCTS_DIR)/Demo03-GCD-Download.app/Demo03-GCD-Download";
			};
			name = Debug;
		};
		85A632891BF07F5B00AA534A /* Release */ = {
			isa = XCBuildConfiguration;
			buildSettings = {
				BUNDLE_LOADER = "$(TEST_HOST)";
				FRAMEWORK_SEARCH_PATHS = (
					"$(SDKROOT)/Developer/Library/Frameworks",
					"$(inherited)",
				);
				INFOPLIST_FILE = "Demo03-GCD-DownloadTests/Info.plist";
				LD_RUNPATH_SEARCH_PATHS = "$(inherited) @executable_path/Frameworks @loader_path/Frameworks";
				PRODUCT_NAME = "$(TARGET_NAME)";
				TEST_HOST = "$(BUILT_PRODUCTS_DIR)/Demo03-GCD-Download.app/Demo03-GCD-Download";
			};
			name = Release;
		};
/* End XCBuildConfiguration section */

/* Begin XCConfigurationList section */
		85A6325C1BF07F5B00AA534A /* Build configuration list for PBXProject "Demo03-GCD-Download" */ = {
			isa = XCConfigurationList;
			buildConfigurations = (
				85A632821BF07F5B00AA534A /* Debug */,
				85A632831BF07F5B00AA534A /* Release */,
			);
			defaultConfigurationIsVisible = 0;
			defaultConfigurationName = Release;
		};
		85A632841BF07F5B00AA534A /* Build configuration list for PBXNativeTarget "Demo03-GCD-Download" */ = {
			isa = XCConfigurationList;
			buildConfigurations = (
				85A632851BF07F5B00AA534A /* Debug */,
				85A632861BF07F5B00AA534A /* Release */,
			);
			defaultConfigurationIsVisible = 0;
		};
		85A632871BF07F5B00AA534A /* Build configuration list for PBXNativeTarget "Demo03-GCD-DownloadTests" */ = {
			isa = XCConfigurationList;
			buildConfigurations = (
				85A632881BF07F5B00AA534A /* Debug */,
				85A632891BF07F5B00AA534A /* Release */,
			);
			defaultConfigurationIsVisible = 0;
		};
/* End XCConfigurationList section */
	};
	rootObject = 85A632591BF07F5B00AA534A /* Project object */;
}
